
Microsoft Visual Studio Solution File, Format Version 12.00
# Visual Studio 15
VisualStudioVersion = 15.0.26228.12
MinimumVisualStudioVersion = 10.0.40219.1
Project("{FAE04EC0-301F-11D3-BF4B-00C04F79EFBC}") = "HackerRankDay20", "HackerRankDay20\HackerRankDay20.csproj", "{B385AC12-49DD-4426-8E1F-2266E9B0F428}"
EndProject
Global
	GlobalSection(SolutionConfigurationPlatforms) = preSolution
		Debug|Any CPU = Debug|Any CPU
		Release|Any CPU = Release|Any CPU
	EndGlobalSection
	GlobalSection(ProjectConfigurationPlatforms) = postSolution
		{B385AC12-49DD-4426-8E1F-2266E9B0F428}.Debug|Any CPU.ActiveCfg = Debug|Any CPU
		{B385AC12-49DD-4426-8E1F-2266E9B0F428}.Debug|Any CPU.Build.0 = Debug|Any CPU
		{B385AC12-49DD-4426-8E1F-2266E9B0F428}.Release|Any CPU.ActiveCfg = Release|Any CPU
		{B385AC12-49DD-4426-8E1F-2266E9B0F428}.Release|Any CPU.Build.0 = Release|Any CPU
	EndGlobalSection
	GlobalSection(SolutionProperties) = preSolution
		HideSolutionNode = FALSE
	EndGlobalSection
EndGlobal
